
Microsoft Visual Studio Solution File, Format Version 12.00
# Visual Studio Version 16
VisualStudioVersion = 16.0.29306.81
MinimumVisualStudioVersion = 10.0.40219.1
Project("{FAE04EC0-301F-11D3-BF4B-00C04F79EFBC}") = "c_k_res", "c_k_res\c_k_res.csproj", "{31E8A69D-AE13-4ABB-B55D-5519DB9AD7D2}"
EndProject
Global
	GlobalSection(SolutionConfigurationPlatforms) = preSolution
		Debug|Any CPU = Debug|Any CPU
		Release|Any CPU = Release|Any CPU
	EndGlobalSection
	GlobalSection(ProjectConfigurationPlatforms) = postSolution
		{31E8A69D-AE13-4ABB-B55D-5519DB9AD7D2}.Debug|Any CPU.ActiveCfg = Debug|Any CPU
		{31E8A69D-AE13-4ABB-B55D-5519DB9AD7D2}.Debug|Any CPU.Build.0 = Debug|Any CPU
		{31E8A69D-AE13-4ABB-B55D-5519DB9AD7D2}.Release|Any CPU.ActiveCfg = Release|Any CPU
		{31E8A69D-AE13-4ABB-B55D-5519DB9AD7D2}.Release|Any CPU.Build.0 = Release|Any CPU
	EndGlobalSection
	GlobalSection(SolutionProperties) = preSolution
		HideSolutionNode = FALSE
	EndGlobalSection
	GlobalSection(ExtensibilityGlobals) = postSolution
		SolutionGuid = {004397AF-7F17-4B10-B601-8A14C73C9724}
	EndGlobalSection
EndGlobal
